
Microsoft Visual Studio Solution File, Format Version 12.00
# Visual Studio 15
VisualStudioVersion = 15.0.28307.271
MinimumVisualStudioVersion = 10.0.40219.1
Project("{FAE04EC0-301F-11D3-BF4B-00C04F79EFBC}") = "MVCMusicStoreApplication", "MVCMusicStoreApplication\MVCMusicStoreApplication.csproj", "{E9A84253-25A5-47AF-BB1F-D89E00C6FE14}"
EndProject
Project("{FAE04EC0-301F-11D3-BF4B-00C04F79EFBC}") = "MVCMusicStoreApplication.Tests", "MVCMusicStoreApplication.Tests\MVCMusicStoreApplication.Tests.csproj", "{7C0D9FEE-45B4-4F35-B3A9-685E31D258FD}"
EndProject
Global
	GlobalSection(SolutionConfigurationPlatforms) = preSolution
		Debug|Any CPU = Debug|Any CPU
		Release|Any CPU = Release|Any CPU
	EndGlobalSection
	GlobalSection(ProjectConfigurationPlatforms) = postSolution
		{E9A84253-25A5-47AF-BB1F-D89E00C6FE14}.Debug|Any CPU.ActiveCfg = Debug|Any CPU
		{E9A84253-25A5-47AF-BB1F-D89E00C6FE14}.Debug|Any CPU.Build.0 = Debug|Any CPU
		{E9A84253-25A5-47AF-BB1F-D89E00C6FE14}.Release|Any CPU.ActiveCfg = Release|Any CPU
		{E9A84253-25A5-47AF-BB1F-D89E00C6FE14}.Release|Any CPU.Build.0 = Release|Any CPU
		{7C0D9FEE-45B4-4F35-B3A9-685E31D258FD}.Debug|Any CPU.ActiveCfg = Debug|Any CPU
		{7C0D9FEE-45B4-4F35-B3A9-685E31D258FD}.Debug|Any CPU.Build.0 = Debug|Any CPU
		{7C0D9FEE-45B4-4F35-B3A9-685E31D258FD}.Release|Any CPU.ActiveCfg = Release|Any CPU
		{7C0D9FEE-45B4-4F35-B3A9-685E31D258FD}.Release|Any CPU.Build.0 = Release|Any CPU
	EndGlobalSection
	GlobalSection(SolutionProperties) = preSolution
		HideSolutionNode = FALSE
	EndGlobalSection
	GlobalSection(ExtensibilityGlobals) = postSolution
		SolutionGuid = {301A724C-5C8D-414A-9BE5-E3DD3AC1EBA4}
	EndGlobalSection
EndGlobal
