
Microsoft Visual Studio Solution File, Format Version 12.00
# Visual Studio 15
VisualStudioVersion = 15.0.28307.271
MinimumVisualStudioVersion = 10.0.40219.1
Project("{FAE04EC0-301F-11D3-BF4B-00C04F79EFBC}") = "Lab01", "Lab01\Lab01.csproj", "{5D68AE2B-BDEF-48D0-8C0A-3215023C04E6}"
EndProject
Project("{FAE04EC0-301F-11D3-BF4B-00C04F79EFBC}") = "Lab01.Tests", "Lab01.Tests\Lab01.Tests.csproj", "{122C2DC2-E65B-4A98-9477-C428E35DFF6C}"
EndProject
Global
	GlobalSection(SolutionConfigurationPlatforms) = preSolution
		Debug|Any CPU = Debug|Any CPU
		Release|Any CPU = Release|Any CPU
	EndGlobalSection
	GlobalSection(ProjectConfigurationPlatforms) = postSolution
		{5D68AE2B-BDEF-48D0-8C0A-3215023C04E6}.Debug|Any CPU.ActiveCfg = Debug|Any CPU
		{5D68AE2B-BDEF-48D0-8C0A-3215023C04E6}.Debug|Any CPU.Build.0 = Debug|Any CPU
		{5D68AE2B-BDEF-48D0-8C0A-3215023C04E6}.Release|Any CPU.ActiveCfg = Release|Any CPU
		{5D68AE2B-BDEF-48D0-8C0A-3215023C04E6}.Release|Any CPU.Build.0 = Release|Any CPU
		{122C2DC2-E65B-4A98-9477-C428E35DFF6C}.Debug|Any CPU.ActiveCfg = Debug|Any CPU
		{122C2DC2-E65B-4A98-9477-C428E35DFF6C}.Debug|Any CPU.Build.0 = Debug|Any CPU
		{122C2DC2-E65B-4A98-9477-C428E35DFF6C}.Release|Any CPU.ActiveCfg = Release|Any CPU
		{122C2DC2-E65B-4A98-9477-C428E35DFF6C}.Release|Any CPU.Build.0 = Release|Any CPU
	EndGlobalSection
	GlobalSection(SolutionProperties) = preSolution
		HideSolutionNode = FALSE
	EndGlobalSection
	GlobalSection(ExtensibilityGlobals) = postSolution
		SolutionGuid = {AF508A2A-D6C7-4F36-93EF-2B8B505E7D23}
	EndGlobalSection
EndGlobal
